
Microsoft Visual Studio Solution File, Format Version 12.00
# Visual Studio Version 17
VisualStudioVersion = 17.10.34916.146
MinimumVisualStudioVersion = 10.0.40219.1
Project("{FAE04EC0-301F-11D3-BF4B-00C04F79EFBC}") = "HW_4.1.3", "HW_4.1.3.csproj", "{32365E46-03B3-4936-9233-7A32B35EA49E}"
EndProject
Global
	GlobalSection(SolutionConfigurationPlatforms) = preSolution
		Debug|Any CPU = Debug|Any CPU
		Release|Any CPU = Release|Any CPU
	EndGlobalSection
	GlobalSection(ProjectConfigurationPlatforms) = postSolution
		{32365E46-03B3-4936-9233-7A32B35EA49E}.Debug|Any CPU.ActiveCfg = Debug|Any CPU
		{32365E46-03B3-4936-9233-7A32B35EA49E}.Debug|Any CPU.Build.0 = Debug|Any CPU
		{32365E46-03B3-4936-9233-7A32B35EA49E}.Release|Any CPU.ActiveCfg = Release|Any CPU
		{32365E46-03B3-4936-9233-7A32B35EA49E}.Release|Any CPU.Build.0 = Release|Any CPU
	EndGlobalSection
	GlobalSection(SolutionProperties) = preSolution
		HideSolutionNode = FALSE
	EndGlobalSection
	GlobalSection(ExtensibilityGlobals) = postSolution
		SolutionGuid = {180B4EAB-2321-4355-82A2-1C598DDBA4F0}
	EndGlobalSection
EndGlobal
